{
  "version": "2",
  "remote": {
    "https://esm.sh/v111/ajv-formats@2.1.1/deno/ajv-formats.js": "8bb181a1f299c5c97eb5a35e561c01449cde40bbea891256e88a0103a770ef8e",
    "https://esm.sh/v111/ajv@8.10.0/deno/ajv.js": "4dd6f850ef1d0012d2b36f31909db3ea9bdadf2a865132a7b2d38cebf2e08814",
    "https://esm.sh/v111/ajv@8.10.0/dist/ajv.d.ts": "35c5e47d65c533106447310cf93dd51f8df6c95d738260705ba8c974aed03add",
    "https://esm.sh/v111/ajv@8.10.0/dist/compile/codegen/code.d.ts": "44a8d350600656882fd7462774e32e8d13788313ba2e36d2e8d5437ac91b98df",
    "https://esm.sh/v111/ajv@8.10.0/dist/compile/codegen/index.d.ts": "588d1dba3c12f1ebbadf77f2aa08e8a38a83b29cf65b130fc11c56f2aaa9e683",
    "https://esm.sh/v111/ajv@8.10.0/dist/compile/codegen/scope.d.ts": "f3240dc2b776444f567365f560f6ee112443e4bd03a26b37b6c730758d72d0d1",
    "https://esm.sh/v111/ajv@8.10.0/dist/compile/errors.d.ts": "65c56e41c3ad2867c1c179e7cb8fd4fcbb4cdaa172e2cc5242fbbfab4be089c0",
    "https://esm.sh/v111/ajv@8.10.0/dist/compile/index.d.ts": "e51f482b3176dd4397b6ce32a76d4e9a4ae6818347cf2103e155128b17f66040",
    "https://esm.sh/v111/ajv@8.10.0/dist/compile/ref_error.d.ts": "b5e33c3fb8302173827cb3ee68d45c9ff45d2e8ec2a9b347ede1f0b5e00ccdf3",
    "https://esm.sh/v111/ajv@8.10.0/dist/compile/resolve.d.ts": "036dd721bfb948d0425803fb517f6e8388a82e5acd1e94af82301bebbc426cf4",
    "https://esm.sh/v111/ajv@8.10.0/dist/compile/rules.d.ts": "f8a27b1788592a39fb5b325a884d15ad56baaabd0dcadd307654aec5e5f5a3e4",
    "https://esm.sh/v111/ajv@8.10.0/dist/compile/util.d.ts": "dcdc51f35fcc305b6a729c6c8932582b6e2c335923bed51618906898301eb1e2",
    "https://esm.sh/v111/ajv@8.10.0/dist/compile/validate/dataType.d.ts": "d181e1cf7ee329610300aefb66051edeaed7729c67fd230aa028cae3ccdb508a",
    "https://esm.sh/v111/ajv@8.10.0/dist/compile/validate/index.d.ts": "3e1bff49fa21ad6c11d06b5074fd623443dbd5db8fed3bd78411232401a0313e",
    "https://esm.sh/v111/ajv@8.10.0/dist/compile/validate/subschema.d.ts": "7a51b087c896915b9605a6ec9d8ea6c2dee15e5a4a810a930c951f47a9c461c5",
    "https://esm.sh/v111/ajv@8.10.0/dist/core.d.ts": "d62c6bc07fa16ce2c90837f70805fac35d2afeb40fcf1befcedbe7d91188a691",
    "https://esm.sh/v111/ajv@8.10.0/dist/runtime/validation_error.d.ts": "515ba5900e0017f5512f442a31826d4210ac782b9b6fad6dbfcab61b5f8c881f",
    "https://esm.sh/v111/ajv@8.10.0/dist/types/index.d.ts": "d00855e395bfed4b58ec1a290e9975a4e920291108445ecb01c63e55b919a3c4",
    "https://esm.sh/v111/ajv@8.10.0/dist/types/json-schema.d.ts": "7dfd0308261bb91b058eb91802690fe3f09192b263e070a19df4d629df29e265",
    "https://esm.sh/v111/ajv@8.10.0/dist/types/jtd-schema.d.ts": "608eb9d411ac76e93a10e05f8aae92b3a5cefc87594219b737df7c8737ba2bd7",
    "https://esm.sh/v111/ajv@8.10.0/dist/vocabularies/applicator/additionalItems.d.ts": "a05f6c30ec1703a756587444de93048342ccceeb41f7002f0f92f68f2dde8387",
    "https://esm.sh/v111/ajv@8.10.0/dist/vocabularies/applicator/additionalProperties.d.ts": "a23a51ad728623fb4cb96227365d2f8247ade37a843fbab8db31b71e7a90cb2a",
    "https://esm.sh/v111/ajv@8.10.0/dist/vocabularies/applicator/anyOf.d.ts": "930471efe0320e1beb90a574dce5e01d02c6239784d191a6d94923adf421c229",
    "https://esm.sh/v111/ajv@8.10.0/dist/vocabularies/applicator/contains.d.ts": "6da04197ce9d2b630e3519689f7a310f27e0743b77de5754027606e690da6f0c",
    "https://esm.sh/v111/ajv@8.10.0/dist/vocabularies/applicator/dependencies.d.ts": "0d11a529fff4a701473d56241d7cab080b1ed04bff2795d0bf024e0dced083c1",
    "https://esm.sh/v111/ajv@8.10.0/dist/vocabularies/applicator/if.d.ts": "e4fd341538c02cf02dd74390a6cdf2a9bb7e171887f8eb1d483d8fcb8bde5ac2",
    "https://esm.sh/v111/ajv@8.10.0/dist/vocabularies/applicator/index.d.ts": "155b9d5f3d75dec4b253de8afe1d3cef1b0b8d7380ca46b2f2669c81beaeb24c",
    "https://esm.sh/v111/ajv@8.10.0/dist/vocabularies/applicator/items2020.d.ts": "cfde932318744080426df27b42d5d5ef6e500aa922d226f0d656621c60fd38b1",
    "https://esm.sh/v111/ajv@8.10.0/dist/vocabularies/applicator/not.d.ts": "8194df713caf2c965a5c4305c05df0af24693beee7d2577d9bb36acf64c609aa",
    "https://esm.sh/v111/ajv@8.10.0/dist/vocabularies/applicator/oneOf.d.ts": "c91e330bd3231658e61c8ceebee314c654c209c2dba3e0b288b26279b139251b",
    "https://esm.sh/v111/ajv@8.10.0/dist/vocabularies/applicator/propertyNames.d.ts": "886b7a0a2b87780dcd5fb34cb4c7fe3f972e847d0572a4aa84d28bafc609f6ed",
    "https://esm.sh/v111/ajv@8.10.0/dist/vocabularies/discriminator/index.d.ts": "689f3a77b73ec3ea96d04bf2527663b860e4944f24bf9f8b475e644a3df738e4",
    "https://esm.sh/v111/ajv@8.10.0/dist/vocabularies/discriminator/types.d.ts": "f93df1c782fce82d96d1efb8e2b694775ff62f451880317e8f0774381bd5aeec",
    "https://esm.sh/v111/ajv@8.10.0/dist/vocabularies/errors.d.ts": "e102e729562cf21c3ff3bade889e67ddbe9739b3ae9bf421a489dba60799327e",
    "https://esm.sh/v111/ajv@8.10.0/dist/vocabularies/format/format.d.ts": "094332dfe7cac20fadfce8a981c6b6e1a6bd3ddada39abdf3db023e6e29f3652",
    "https://esm.sh/v111/ajv@8.10.0/dist/vocabularies/unevaluated/unevaluatedItems.d.ts": "e45a8753954a44dc04245929286a1b635079a871114ae84d077a5b96cdfec552",
    "https://esm.sh/v111/ajv@8.10.0/dist/vocabularies/unevaluated/unevaluatedProperties.d.ts": "1e01afe6d1e887f20f0ad8fe3ed9bc08185b8d859b5a853dbdf725ccfaca93cc",
    "https://esm.sh/v111/ajv@8.10.0/dist/vocabularies/validation/const.d.ts": "82c42939c2918e702a12e73f2c51ab6abb5429c102e12aa7c093fc805c91d1b8",
    "https://esm.sh/v111/ajv@8.10.0/dist/vocabularies/validation/dependentRequired.d.ts": "d9b8cf84ccf55c53a6c1b2ef0d79d93f049b1cfeccb85681ed1719d48b34e7ec",
    "https://esm.sh/v111/ajv@8.10.0/dist/vocabularies/validation/enum.d.ts": "d859c8ed2fafda1070d782cf0068649d93a183cf1279219141c394c3381ef768",
    "https://esm.sh/v111/ajv@8.10.0/dist/vocabularies/validation/index.d.ts": "0449f5628645ad4f740be9a2cd8b7909366df6e81e582f49cda8d82b64759f4f",
    "https://esm.sh/v111/ajv@8.10.0/dist/vocabularies/validation/limitNumber.d.ts": "05962ddcd9df29eea47ec9187f09c3dacd3c465d9d5738579ab45033c56e2c10",
    "https://esm.sh/v111/ajv@8.10.0/dist/vocabularies/validation/multipleOf.d.ts": "1fab6cb4063a79566d4b7ca09556e426a59e5558c30997dc673d77facc409e02",
    "https://esm.sh/v111/ajv@8.10.0/dist/vocabularies/validation/pattern.d.ts": "c099ecc3f4dcfc5bb4fc9e71c1d1a18f8588c087f6feb7cc52d02d2b97927f84",
    "https://esm.sh/v111/ajv@8.10.0/dist/vocabularies/validation/required.d.ts": "0e4f131494dc4bb9fd47641f74210eaa338522341f9f3f7459c16511bd83aa0e",
    "https://esm.sh/v111/ajv@8.10.0/dist/vocabularies/validation/uniqueItems.d.ts": "eba1aa84b15c2a50bf36157437b896eb20af93979dc2dbf268441e9d8fcf2df0",
    "https://esm.sh/v111/ajv@8.12.0/deno/ajv.js": "82b939397c1ffbf5fc5f541e11b92d9aea89ead5a9a1b9e258d59f27ef9eb86a",
    "https://esm.sh/v111/ajv@8.12.0/deno/dist/compile/codegen.js": "a292cbca6deb736b977b96443906bc4f8e675b3efc3d430128be7bffe8d32341",
    "https://esm.sh/v111/ajv@8.12.0/deno/dist/compile/codegen/code.js": "aa52161908b26a1d66a4c08d651844f5473e3cc4b89b8708de29b35dd816a4a8",
    "https://esm.sh/v111/ajv@8.12.0/deno/dist/compile/codegen/scope.js": "776e95133221c19dad6edbad6f7cc837de01d7ab2550f8a2605b31669933426b",
    "https://esm.sh/v111/fast-deep-equal@3.1.3/deno/fast-deep-equal.js": "70031c911ef5a052aeaafaef99a16eb771953f5e1490c596693ae8733bfeaad7",
    "https://esm.sh/v111/json-schema-traverse@1.0.0/deno/json-schema-traverse.js": "a1a8b8b978ce71e2da30444d0b5081dbe420a04b051ead165090a39bb7a9f8d2",
    "https://esm.sh/v111/uri-js@4.4.1/deno/uri-js.js": "53744ccc7ef6f0496b382d4c78cdb403f281ac25807a68adaff47cd7420cc808",
    "https://esm.sh/v111/uri-js@4.4.1/dist/es5/uri.all.d.ts": "9f3c5498245c38c9016a369795ec5ef1768d09db63643c8dba9656e5ab294825",
    "https://esm.sh/v111/yahoo-finance2@2.3.10/deno/yahoo-finance2.js": "b7fb8fa57b96b80f21418ce026f666997366ba67b72e0b789c01771ad88fb0c7",
    "https://esm.sh/v111/yahoo-finance2@2.3.10/dist/esm/src/index-common.d.ts": "2202c823f883cda0442c0f1d5a60be57e4074a2e412da9bd10013ff4dfab477f",
    "https://esm.sh/v111/yahoo-finance2@2.3.10/dist/esm/src/index-node.d.ts": "13e8baaa198e0a74703fe67499ecc3eaf65185a70a14e0df761341fc11dcb1bb",
    "https://esm.sh/v111/yahoo-finance2@2.3.10/dist/esm/src/lib/commonTypes.d.ts": "6f915008ecd9196527dd14999b10d49cd66f903395833b2d768e5c7a05e2c0d6",
    "https://esm.sh/v111/yahoo-finance2@2.3.10/dist/esm/src/lib/moduleCommon.d.ts": "0803b2803956711ee8b9f437fda92adc45ffc466019433ad88eb1f47c9c42868",
    "https://esm.sh/v111/yahoo-finance2@2.3.10/dist/esm/src/lib/moduleExec.d.ts": "f3a8f7d41a98a10dbff8cb52bf7d8f295be38eb884f262405a1a0d812f4ddeb6",
    "https://esm.sh/v111/yahoo-finance2@2.3.10/dist/esm/src/lib/options.d.ts": "d700cb7a3665d257d77f6093e604c8175f6ab9c059aeeacef7ac3d58a38349ba",
    "https://esm.sh/v111/yahoo-finance2@2.3.10/dist/esm/src/lib/queue.d.ts": "f7064a06f23bdc2d34ad99130fd70e3aed25bc357ed0c67e1fcd347331d8cba8",
    "https://esm.sh/v111/yahoo-finance2@2.3.10/dist/esm/src/lib/setGlobalConfig.d.ts": "71072a281fce6c315cf6675c083301e7e4b69b94991f067f9af926b6b7065ab8",
    "https://esm.sh/v111/yahoo-finance2@2.3.10/dist/esm/src/lib/validateAndCoerceTypes.d.ts": "e5ee371e742923205f18f5059833cfe89c484a9b69051faeb67aa1d0b9f86b29",
    "https://esm.sh/v111/yahoo-finance2@2.3.10/dist/esm/src/lib/yahooFinanceFetch.d.ts": "145d86f5615e50a3055b7027f6ba86df0299f8f1e2b6fa38f82fb6d87e659418",
    "https://esm.sh/v111/yahoo-finance2@2.3.10/dist/esm/src/modules/autoc.d.ts": "f287381c86583bfc53777101f1709e27d1581edab486edf34fa5ae9334b74f20",
    "https://esm.sh/v111/yahoo-finance2@2.3.10/dist/esm/src/modules/chart.d.ts": "c4f6a1fb15e18cc1cf857dc843ce231dc1fea159591b4a2fe60bd5d43412e24f",
    "https://esm.sh/v111/yahoo-finance2@2.3.10/dist/esm/src/modules/historical.d.ts": "7d4ca6b6388536bf48500997a0b113a77935a056ec9be7ee53551fdff0912ded",
    "https://esm.sh/v111/yahoo-finance2@2.3.10/dist/esm/src/modules/insights.d.ts": "6c72f4b6dab506f12030b481faaba54c76fedaf5448db8e78476161c3a384ee3",
    "https://esm.sh/v111/yahoo-finance2@2.3.10/dist/esm/src/modules/options.d.ts": "88a6a3770199c617f349367685a9f36b2eee2ca0e9be7f2b50d90e423d98542d",
    "https://esm.sh/v111/yahoo-finance2@2.3.10/dist/esm/src/modules/quote.d.ts": "c5b1d6f149abbaba65c51d251f3bb309628a35d37afbd2577018f4bfd85a32c5",
    "https://esm.sh/v111/yahoo-finance2@2.3.10/dist/esm/src/modules/quoteSummary-iface.d.ts": "f7dce7682d98eacf42d3b74572ce6fd5a970ebed0de4c5f1b4aa8b1d8b2f88ae",
    "https://esm.sh/v111/yahoo-finance2@2.3.10/dist/esm/src/modules/quoteSummary.d.ts": "7c64252093646258805ce96b9581c7923f1784f70701d6a1d2aff0b855c119ec",
    "https://esm.sh/v111/yahoo-finance2@2.3.10/dist/esm/src/modules/recommendationsBySymbol.d.ts": "395b77f41be10951fc9c86aed610d4e4575b9738df7a2e09b6a233f0b7533f75",
    "https://esm.sh/v111/yahoo-finance2@2.3.10/dist/esm/src/modules/search.d.ts": "05555feb0a9189f10e2cbad88215b54138e84d1d460118acce27db48233bdb10",
    "https://esm.sh/v111/yahoo-finance2@2.3.10/dist/esm/src/modules/trendingSymbols.d.ts": "9648175662703ec7c80bd3fbb035fbecf5626ca244e681e28d387abf60587d03",
    "https://esm.sh/v111/yahoo-finance2@2.3.10/dist/esm/src/other/quoteCombine.d.ts": "f596658bfb10715998339a5ecb0675b578fe70dece25298fb91f7b466348b2eb",
    "https://esm.sh/yahoo-finance2@2.3.10": "3b62cb8d671d287c110236b1b5f0ad69138f6dfaf6a922641413ff5b5fcda9a8"
  },
  "npm": {
    "specifiers": {
      "yahoo-finance2@2.3.10": "yahoo-finance2@2.3.10_ajv@8.10.0"
    },
    "packages": {
      "ajv-formats@2.1.1_ajv@8.10.0": {
        "integrity": "sha512-Wx0Kx52hxE7C18hkMEggYlEifqWZtYaRgouJor+WMdPnQyEK13vgEWyVNup7SoeeoLMsr4kf5h6dOW11I15MUA==",
        "dependencies": {
          "ajv": "ajv@8.10.0"
        }
      },
      "ajv@8.10.0": {
        "integrity": "sha512-bzqAEZOjkrUMl2afH8dknrq5KEk2SrwdBROR+vH1EKVQTqaUbJVPdc/gEdggTMM0Se+s+Ja4ju4TlNcStKl2Hw==",
        "dependencies": {
          "fast-deep-equal": "fast-deep-equal@3.1.3",
          "json-schema-traverse": "json-schema-traverse@1.0.0",
          "require-from-string": "require-from-string@2.0.2",
          "uri-js": "uri-js@4.4.1"
        }
      },
      "fast-deep-equal@3.1.3": {
        "integrity": "sha512-f3qQ9oQy9j2AhBe/H9VC91wLmKBCCU/gDOnKNAYG5hswO7BLKj09Hc5HYNz9cGI++xlpDCIgDaitVs03ATR84Q==",
        "dependencies": {}
      },
      "json-schema-traverse@1.0.0": {
        "integrity": "sha512-NM8/P9n3XjXhIZn1lLhkFaACTOURQXjWhV4BA/RnOv8xvgqtqpAX9IO4mRQxSx1Rlo4tqzeqb0sOlruaOy3dug==",
        "dependencies": {}
      },
      "node-fetch@2.6.9": {
        "integrity": "sha512-DJm/CJkZkRjKKj4Zi4BsKVZh3ValV5IR5s7LVZnW+6YMh0W1BfNA8XSs6DLMGYlId5F3KnA70uu2qepcR08Qqg==",
        "dependencies": {
          "whatwg-url": "whatwg-url@5.0.0"
        }
      },
      "punycode@2.3.0": {
        "integrity": "sha512-rRV+zQD8tVFys26lAGR9WUuS4iUAngJScM+ZRSKtvl5tKeZ2t5bvdNFdNHBW9FWR4guGHlgmsZ1G7BSm2wTbuA==",
        "dependencies": {}
      },
      "require-from-string@2.0.2": {
        "integrity": "sha512-Xf0nWe6RseziFMu+Ap9biiUbmplq6S9/p+7w7YXP/JBHhrUDDUhwa+vANyubuqfZWTveU//DYVGsDG7RKL/vEw==",
        "dependencies": {}
      },
      "tr46@0.0.3": {
        "integrity": "sha512-N3WMsuqV66lT30CrXNbEjx4GEwlow3v6rr4mCcv6prnfwhS01rkgyFdjPNBYd9br7LpXV1+Emh01fHnq2Gdgrw==",
        "dependencies": {}
      },
      "uri-js@4.4.1": {
        "integrity": "sha512-7rKUyy33Q1yc98pQ1DAmLtwX109F7TIfWlW1Ydo8Wl1ii1SeHieeh0HHfPeL2fMXK6z0s8ecKs9frCuLJvndBg==",
        "dependencies": {
          "punycode": "punycode@2.3.0"
        }
      },
      "webidl-conversions@3.0.1": {
        "integrity": "sha512-2JAn3z8AR6rjK8Sm8orRC0h/bcl/DqL7tRPdGZ4I1CjdF+EaMLmYxBHyXuKL849eucPFhvBoxMsflfOb8kxaeQ==",
        "dependencies": {}
      },
      "whatwg-url@5.0.0": {
        "integrity": "sha512-saE57nupxk6v3HY35+jzBwYa0rKSy0XR8JSxZPwgLr7ys0IBzhGviA1/TUGJLmSVqs8pb9AnvICXEuOHLprYTw==",
        "dependencies": {
          "tr46": "tr46@0.0.3",
          "webidl-conversions": "webidl-conversions@3.0.1"
        }
      },
      "yahoo-finance2@2.3.10_ajv@8.10.0": {
        "integrity": "sha512-ZLzKdW5gy0nSXXn6S8yY9qQMrSWOl2qzPORbZaF4PQqlk7K9n3bF5FZnsqA+K559qUW/BfJtF3EMJWbKD6q7lA==",
        "dependencies": {
          "ajv": "ajv@8.10.0",
          "ajv-formats": "ajv-formats@2.1.1_ajv@8.10.0",
          "node-fetch": "node-fetch@2.6.9"
        }
      }
    }
  }
}
